
Microsoft Visual Studio Solution File, Format Version 12.00
# Visual Studio 15
VisualStudioVersion = 15.0.28307.271
MinimumVisualStudioVersion = 10.0.40219.1
Project("{FAE04EC0-301F-11D3-BF4B-00C04F79EFBC}") = "MatchGame", "MatchGame\MatchGame.csproj", "{CF924E98-A2FC-4740-82A4-C92E39E33676}"
EndProject
Global
	GlobalSection(SolutionConfigurationPlatforms) = preSolution
		Debug|Any CPU = Debug|Any CPU
		Release|Any CPU = Release|Any CPU
	EndGlobalSection
	GlobalSection(ProjectConfigurationPlatforms) = postSolution
		{CF924E98-A2FC-4740-82A4-C92E39E33676}.Debug|Any CPU.ActiveCfg = Debug|Any CPU
		{CF924E98-A2FC-4740-82A4-C92E39E33676}.Debug|Any CPU.Build.0 = Debug|Any CPU
		{CF924E98-A2FC-4740-82A4-C92E39E33676}.Release|Any CPU.ActiveCfg = Release|Any CPU
		{CF924E98-A2FC-4740-82A4-C92E39E33676}.Release|Any CPU.Build.0 = Release|Any CPU
	EndGlobalSection
	GlobalSection(SolutionProperties) = preSolution
		HideSolutionNode = FALSE
	EndGlobalSection
	GlobalSection(ExtensibilityGlobals) = postSolution
		SolutionGuid = {60822403-DE0A-4606-9865-287A4A76DA1B}
	EndGlobalSection
EndGlobal
